
Microsoft Visual Studio Solution File, Format Version 12.00
# Visual Studio 2012
Project("{FAE04EC0-301F-11D3-BF4B-00C04F79EFBC}") = "Imml", "src\Imml\Imml.csproj", "{FC8ED89C-C34D-4C10-9A60-E15867EB85B0}"
EndProject
Project("{FAE04EC0-301F-11D3-BF4B-00C04F79EFBC}") = "Imml.Test", "src\Imml.Test\Imml.Test.csproj", "{7415CD4B-11B8-423A-9054-A3DA5833C7A3}"
EndProject
Project("{2150E333-8FDC-42A3-9474-1A3956D46DE8}") = "Test", "Test", "{AB929FD4-0184-440B-B837-DA45CD3055C4}"
EndProject
Project("{FAE04EC0-301F-11D3-BF4B-00C04F79EFBC}") = "Imml.WindowsPhone", "src\Imml.WindowsPhone\Imml.WindowsPhone.csproj", "{90A56DB8-0A3A-438C-AEF9-6BD6905EFD30}"
EndProject
Project("{FAE04EC0-301F-11D3-BF4B-00C04F79EFBC}") = "Imml.WinRT", "src\Imml.WinRT\Imml.WinRT.csproj", "{DBAEE533-D48E-4527-BC0E-1C88B2AC4CEC}"
EndProject
Project("{2150E333-8FDC-42A3-9474-1A3956D46DE8}") = ".nuget", ".nuget", "{3555461B-42DF-49B7-B745-D9463C789516}"
	ProjectSection(SolutionItems) = preProject
		.nuget\NuGet.Config = .nuget\NuGet.Config
		.nuget\NuGet.exe = .nuget\NuGet.exe
		.nuget\NuGet.targets = .nuget\NuGet.targets
	EndProjectSection
EndProject
Global
	GlobalSection(SolutionConfigurationPlatforms) = preSolution
		Debug|Any CPU = Debug|Any CPU
		Debug|ARM = Debug|ARM
		Debug|Mixed Platforms = Debug|Mixed Platforms
		Debug|Windows Phone = Debug|Windows Phone
		Debug|x64 = Debug|x64
		Debug|x86 = Debug|x86
		mixed|Any CPU = mixed|Any CPU
		mixed|ARM = mixed|ARM
		mixed|Mixed Platforms = mixed|Mixed Platforms
		mixed|Windows Phone = mixed|Windows Phone
		mixed|x64 = mixed|x64
		mixed|x86 = mixed|x86
		Release|Any CPU = Release|Any CPU
		Release|ARM = Release|ARM
		Release|Mixed Platforms = Release|Mixed Platforms
		Release|Windows Phone = Release|Windows Phone
		Release|x64 = Release|x64
		Release|x86 = Release|x86
	EndGlobalSection
	GlobalSection(ProjectConfigurationPlatforms) = postSolution
		{FC8ED89C-C34D-4C10-9A60-E15867EB85B0}.Debug|Any CPU.ActiveCfg = Debug|Any CPU
		{FC8ED89C-C34D-4C10-9A60-E15867EB85B0}.Debug|Any CPU.Build.0 = Debug|Any CPU
		{FC8ED89C-C34D-4C10-9A60-E15867EB85B0}.Debug|ARM.ActiveCfg = Debug|Any CPU
		{FC8ED89C-C34D-4C10-9A60-E15867EB85B0}.Debug|Mixed Platforms.ActiveCfg = Debug|Any CPU
		{FC8ED89C-C34D-4C10-9A60-E15867EB85B0}.Debug|Mixed Platforms.Build.0 = Debug|Any CPU
		{FC8ED89C-C34D-4C10-9A60-E15867EB85B0}.Debug|Windows Phone.ActiveCfg = Debug|Any CPU
		{FC8ED89C-C34D-4C10-9A60-E15867EB85B0}.Debug|x64.ActiveCfg = Debug|Any CPU
		{FC8ED89C-C34D-4C10-9A60-E15867EB85B0}.Debug|x86.ActiveCfg = Debug|Any CPU
		{FC8ED89C-C34D-4C10-9A60-E15867EB85B0}.mixed|Any CPU.ActiveCfg = mixed|Any CPU
		{FC8ED89C-C34D-4C10-9A60-E15867EB85B0}.mixed|Any CPU.Build.0 = mixed|Any CPU
		{FC8ED89C-C34D-4C10-9A60-E15867EB85B0}.mixed|ARM.ActiveCfg = mixed|Any CPU
		{FC8ED89C-C34D-4C10-9A60-E15867EB85B0}.mixed|Mixed Platforms.ActiveCfg = mixed|Any CPU
		{FC8ED89C-C34D-4C10-9A60-E15867EB85B0}.mixed|Mixed Platforms.Build.0 = mixed|Any CPU
		{FC8ED89C-C34D-4C10-9A60-E15867EB85B0}.mixed|Windows Phone.ActiveCfg = mixed|Any CPU
		{FC8ED89C-C34D-4C10-9A60-E15867EB85B0}.mixed|x64.ActiveCfg = mixed|Any CPU
		{FC8ED89C-C34D-4C10-9A60-E15867EB85B0}.mixed|x86.ActiveCfg = mixed|Any CPU
		{FC8ED89C-C34D-4C10-9A60-E15867EB85B0}.Release|Any CPU.ActiveCfg = Release|Any CPU
		{FC8ED89C-C34D-4C10-9A60-E15867EB85B0}.Release|Any CPU.Build.0 = Release|Any CPU
		{FC8ED89C-C34D-4C10-9A60-E15867EB85B0}.Release|ARM.ActiveCfg = Release|Any CPU
		{FC8ED89C-C34D-4C10-9A60-E15867EB85B0}.Release|Mixed Platforms.ActiveCfg = Release|Any CPU
		{FC8ED89C-C34D-4C10-9A60-E15867EB85B0}.Release|Mixed Platforms.Build.0 = Release|Any CPU
		{FC8ED89C-C34D-4C10-9A60-E15867EB85B0}.Release|Windows Phone.ActiveCfg = Release|Any CPU
		{FC8ED89C-C34D-4C10-9A60-E15867EB85B0}.Release|x64.ActiveCfg = Release|Any CPU
		{FC8ED89C-C34D-4C10-9A60-E15867EB85B0}.Release|x86.ActiveCfg = Release|Any CPU
		{7415CD4B-11B8-423A-9054-A3DA5833C7A3}.Debug|Any CPU.ActiveCfg = Debug|Any CPU
		{7415CD4B-11B8-423A-9054-A3DA5833C7A3}.Debug|Any CPU.Build.0 = Debug|Any CPU
		{7415CD4B-11B8-423A-9054-A3DA5833C7A3}.Debug|ARM.ActiveCfg = Debug|Any CPU
		{7415CD4B-11B8-423A-9054-A3DA5833C7A3}.Debug|Mixed Platforms.ActiveCfg = Debug|Any CPU
		{7415CD4B-11B8-423A-9054-A3DA5833C7A3}.Debug|Mixed Platforms.Build.0 = Debug|Any CPU
		{7415CD4B-11B8-423A-9054-A3DA5833C7A3}.Debug|Windows Phone.ActiveCfg = Debug|Any CPU
		{7415CD4B-11B8-423A-9054-A3DA5833C7A3}.Debug|x64.ActiveCfg = Debug|Any CPU
		{7415CD4B-11B8-423A-9054-A3DA5833C7A3}.Debug|x86.ActiveCfg = Debug|Any CPU
		{7415CD4B-11B8-423A-9054-A3DA5833C7A3}.mixed|Any CPU.ActiveCfg = Release|Any CPU
		{7415CD4B-11B8-423A-9054-A3DA5833C7A3}.mixed|Any CPU.Build.0 = Release|Any CPU
		{7415CD4B-11B8-423A-9054-A3DA5833C7A3}.mixed|ARM.ActiveCfg = Release|Any CPU
		{7415CD4B-11B8-423A-9054-A3DA5833C7A3}.mixed|Mixed Platforms.ActiveCfg = Release|Any CPU
		{7415CD4B-11B8-423A-9054-A3DA5833C7A3}.mixed|Mixed Platforms.Build.0 = Release|Any CPU
		{7415CD4B-11B8-423A-9054-A3DA5833C7A3}.mixed|Windows Phone.ActiveCfg = Release|Any CPU
		{7415CD4B-11B8-423A-9054-A3DA5833C7A3}.mixed|x64.ActiveCfg = Release|Any CPU
		{7415CD4B-11B8-423A-9054-A3DA5833C7A3}.mixed|x86.ActiveCfg = Release|Any CPU
		{7415CD4B-11B8-423A-9054-A3DA5833C7A3}.Release|Any CPU.ActiveCfg = Release|Any CPU
		{7415CD4B-11B8-423A-9054-A3DA5833C7A3}.Release|Any CPU.Build.0 = Release|Any CPU
		{7415CD4B-11B8-423A-9054-A3DA5833C7A3}.Release|ARM.ActiveCfg = Release|Any CPU
		{7415CD4B-11B8-423A-9054-A3DA5833C7A3}.Release|Mixed Platforms.ActiveCfg = Release|Any CPU
		{7415CD4B-11B8-423A-9054-A3DA5833C7A3}.Release|Mixed Platforms.Build.0 = Release|Any CPU
		{7415CD4B-11B8-423A-9054-A3DA5833C7A3}.Release|Windows Phone.ActiveCfg = Release|Any CPU
		{7415CD4B-11B8-423A-9054-A3DA5833C7A3}.Release|x64.ActiveCfg = Release|Any CPU
		{7415CD4B-11B8-423A-9054-A3DA5833C7A3}.Release|x86.ActiveCfg = Release|Any CPU
		{90A56DB8-0A3A-438C-AEF9-6BD6905EFD30}.Debug|Any CPU.ActiveCfg = Debug|Any CPU
		{90A56DB8-0A3A-438C-AEF9-6BD6905EFD30}.Debug|Any CPU.Build.0 = Debug|Any CPU
		{90A56DB8-0A3A-438C-AEF9-6BD6905EFD30}.Debug|ARM.ActiveCfg = Debug|Any CPU
		{90A56DB8-0A3A-438C-AEF9-6BD6905EFD30}.Debug|Mixed Platforms.ActiveCfg = Debug|Any CPU
		{90A56DB8-0A3A-438C-AEF9-6BD6905EFD30}.Debug|Mixed Platforms.Build.0 = Debug|Any CPU
		{90A56DB8-0A3A-438C-AEF9-6BD6905EFD30}.Debug|Windows Phone.ActiveCfg = Debug|Any CPU
		{90A56DB8-0A3A-438C-AEF9-6BD6905EFD30}.Debug|x64.ActiveCfg = Debug|Any CPU
		{90A56DB8-0A3A-438C-AEF9-6BD6905EFD30}.Debug|x86.ActiveCfg = Debug|Any CPU
		{90A56DB8-0A3A-438C-AEF9-6BD6905EFD30}.mixed|Any CPU.ActiveCfg = Release|Any CPU
		{90A56DB8-0A3A-438C-AEF9-6BD6905EFD30}.mixed|Any CPU.Build.0 = Release|Any CPU
		{90A56DB8-0A3A-438C-AEF9-6BD6905EFD30}.mixed|ARM.ActiveCfg = Release|Any CPU
		{90A56DB8-0A3A-438C-AEF9-6BD6905EFD30}.mixed|Mixed Platforms.ActiveCfg = Release|Any CPU
		{90A56DB8-0A3A-438C-AEF9-6BD6905EFD30}.mixed|Mixed Platforms.Build.0 = Release|Any CPU
		{90A56DB8-0A3A-438C-AEF9-6BD6905EFD30}.mixed|Windows Phone.ActiveCfg = Release|Any CPU
		{90A56DB8-0A3A-438C-AEF9-6BD6905EFD30}.mixed|x64.ActiveCfg = Release|Any CPU
		{90A56DB8-0A3A-438C-AEF9-6BD6905EFD30}.mixed|x86.ActiveCfg = Release|Any CPU
		{90A56DB8-0A3A-438C-AEF9-6BD6905EFD30}.Release|Any CPU.ActiveCfg = Release|Any CPU
		{90A56DB8-0A3A-438C-AEF9-6BD6905EFD30}.Release|Any CPU.Build.0 = Release|Any CPU
		{90A56DB8-0A3A-438C-AEF9-6BD6905EFD30}.Release|ARM.ActiveCfg = Release|Any CPU
		{90A56DB8-0A3A-438C-AEF9-6BD6905EFD30}.Release|Mixed Platforms.ActiveCfg = Release|Any CPU
		{90A56DB8-0A3A-438C-AEF9-6BD6905EFD30}.Release|Mixed Platforms.Build.0 = Release|Any CPU
		{90A56DB8-0A3A-438C-AEF9-6BD6905EFD30}.Release|Windows Phone.ActiveCfg = Release|Any CPU
		{90A56DB8-0A3A-438C-AEF9-6BD6905EFD30}.Release|x64.ActiveCfg = Release|Any CPU
		{90A56DB8-0A3A-438C-AEF9-6BD6905EFD30}.Release|x86.ActiveCfg = Release|Any CPU
		{DBAEE533-D48E-4527-BC0E-1C88B2AC4CEC}.Debug|Any CPU.ActiveCfg = Debug|Any CPU
		{DBAEE533-D48E-4527-BC0E-1C88B2AC4CEC}.Debug|Any CPU.Build.0 = Debug|Any CPU
		{DBAEE533-D48E-4527-BC0E-1C88B2AC4CEC}.Debug|ARM.ActiveCfg = Debug|ARM
		{DBAEE533-D48E-4527-BC0E-1C88B2AC4CEC}.Debug|ARM.Build.0 = Debug|ARM
		{DBAEE533-D48E-4527-BC0E-1C88B2AC4CEC}.Debug|Mixed Platforms.ActiveCfg = Debug|x86
		{DBAEE533-D48E-4527-BC0E-1C88B2AC4CEC}.Debug|Mixed Platforms.Build.0 = Debug|x86
		{DBAEE533-D48E-4527-BC0E-1C88B2AC4CEC}.Debug|Windows Phone.ActiveCfg = Debug|Any CPU
		{DBAEE533-D48E-4527-BC0E-1C88B2AC4CEC}.Debug|x64.ActiveCfg = Debug|x64
		{DBAEE533-D48E-4527-BC0E-1C88B2AC4CEC}.Debug|x64.Build.0 = Debug|x64
		{DBAEE533-D48E-4527-BC0E-1C88B2AC4CEC}.Debug|x86.ActiveCfg = Debug|x86
		{DBAEE533-D48E-4527-BC0E-1C88B2AC4CEC}.Debug|x86.Build.0 = Debug|x86
		{DBAEE533-D48E-4527-BC0E-1C88B2AC4CEC}.mixed|Any CPU.ActiveCfg = Release|Any CPU
		{DBAEE533-D48E-4527-BC0E-1C88B2AC4CEC}.mixed|Any CPU.Build.0 = Release|Any CPU
		{DBAEE533-D48E-4527-BC0E-1C88B2AC4CEC}.mixed|ARM.ActiveCfg = Release|ARM
		{DBAEE533-D48E-4527-BC0E-1C88B2AC4CEC}.mixed|ARM.Build.0 = Release|ARM
		{DBAEE533-D48E-4527-BC0E-1C88B2AC4CEC}.mixed|Mixed Platforms.ActiveCfg = Release|x86
		{DBAEE533-D48E-4527-BC0E-1C88B2AC4CEC}.mixed|Mixed Platforms.Build.0 = Release|x86
		{DBAEE533-D48E-4527-BC0E-1C88B2AC4CEC}.mixed|Windows Phone.ActiveCfg = Release|Any CPU
		{DBAEE533-D48E-4527-BC0E-1C88B2AC4CEC}.mixed|x64.ActiveCfg = Release|x64
		{DBAEE533-D48E-4527-BC0E-1C88B2AC4CEC}.mixed|x64.Build.0 = Release|x64
		{DBAEE533-D48E-4527-BC0E-1C88B2AC4CEC}.mixed|x86.ActiveCfg = Release|x86
		{DBAEE533-D48E-4527-BC0E-1C88B2AC4CEC}.mixed|x86.Build.0 = Release|x86
		{DBAEE533-D48E-4527-BC0E-1C88B2AC4CEC}.Release|Any CPU.ActiveCfg = Release|Any CPU
		{DBAEE533-D48E-4527-BC0E-1C88B2AC4CEC}.Release|Any CPU.Build.0 = Release|Any CPU
		{DBAEE533-D48E-4527-BC0E-1C88B2AC4CEC}.Release|ARM.ActiveCfg = Release|ARM
		{DBAEE533-D48E-4527-BC0E-1C88B2AC4CEC}.Release|ARM.Build.0 = Release|ARM
		{DBAEE533-D48E-4527-BC0E-1C88B2AC4CEC}.Release|Mixed Platforms.ActiveCfg = Release|x86
		{DBAEE533-D48E-4527-BC0E-1C88B2AC4CEC}.Release|Mixed Platforms.Build.0 = Release|x86
		{DBAEE533-D48E-4527-BC0E-1C88B2AC4CEC}.Release|Windows Phone.ActiveCfg = Release|Any CPU
		{DBAEE533-D48E-4527-BC0E-1C88B2AC4CEC}.Release|x64.ActiveCfg = Release|x64
		{DBAEE533-D48E-4527-BC0E-1C88B2AC4CEC}.Release|x64.Build.0 = Release|x64
		{DBAEE533-D48E-4527-BC0E-1C88B2AC4CEC}.Release|x86.ActiveCfg = Release|x86
		{DBAEE533-D48E-4527-BC0E-1C88B2AC4CEC}.Release|x86.Build.0 = Release|x86
	EndGlobalSection
	GlobalSection(SolutionProperties) = preSolution
		HideSolutionNode = FALSE
	EndGlobalSection
	GlobalSection(NestedProjects) = preSolution
		{7415CD4B-11B8-423A-9054-A3DA5833C7A3} = {AB929FD4-0184-440B-B837-DA45CD3055C4}
	EndGlobalSection
EndGlobal
