
Microsoft Visual Studio Solution File, Format Version 12.00
# Visual Studio Version 16
VisualStudioVersion = 16.0.28531.58
MinimumVisualStudioVersion = 10.0.40219.1
Project("{2150E333-8FDC-42A3-9474-1A3956D46DE8}") = "Test", "Test", "{AB929FD4-0184-440B-B837-DA45CD3055C4}"
EndProject
Project("{FAE04EC0-301F-11D3-BF4B-00C04F79EFBC}") = "Imml", "src\Imml\Imml.csproj", "{1B718963-0B46-42CC-95EC-7864F56304B5}"
EndProject
Project("{FAE04EC0-301F-11D3-BF4B-00C04F79EFBC}") = "Imml.Test", "src\Imml.Test\Imml.Test.csproj", "{5A6370C0-3605-4F2C-A695-DDB5A30722ED}"
EndProject
Global
	GlobalSection(SolutionConfigurationPlatforms) = preSolution
		Debug|Any CPU = Debug|Any CPU
		Debug|ARM = Debug|ARM
		Debug|Mixed Platforms = Debug|Mixed Platforms
		Debug|Windows Phone = Debug|Windows Phone
		Debug|x64 = Debug|x64
		Debug|x86 = Debug|x86
		mixed|Any CPU = mixed|Any CPU
		mixed|ARM = mixed|ARM
		mixed|Mixed Platforms = mixed|Mixed Platforms
		mixed|Windows Phone = mixed|Windows Phone
		mixed|x64 = mixed|x64
		mixed|x86 = mixed|x86
		Release|Any CPU = Release|Any CPU
		Release|ARM = Release|ARM
		Release|Mixed Platforms = Release|Mixed Platforms
		Release|Windows Phone = Release|Windows Phone
		Release|x64 = Release|x64
		Release|x86 = Release|x86
	EndGlobalSection
	GlobalSection(ProjectConfigurationPlatforms) = postSolution
		{1B718963-0B46-42CC-95EC-7864F56304B5}.Debug|Any CPU.ActiveCfg = Debug|Any CPU
		{1B718963-0B46-42CC-95EC-7864F56304B5}.Debug|Any CPU.Build.0 = Debug|Any CPU
		{1B718963-0B46-42CC-95EC-7864F56304B5}.Debug|ARM.ActiveCfg = Debug|Any CPU
		{1B718963-0B46-42CC-95EC-7864F56304B5}.Debug|ARM.Build.0 = Debug|Any CPU
		{1B718963-0B46-42CC-95EC-7864F56304B5}.Debug|Mixed Platforms.ActiveCfg = Debug|Any CPU
		{1B718963-0B46-42CC-95EC-7864F56304B5}.Debug|Mixed Platforms.Build.0 = Debug|Any CPU
		{1B718963-0B46-42CC-95EC-7864F56304B5}.Debug|Windows Phone.ActiveCfg = Debug|Any CPU
		{1B718963-0B46-42CC-95EC-7864F56304B5}.Debug|Windows Phone.Build.0 = Debug|Any CPU
		{1B718963-0B46-42CC-95EC-7864F56304B5}.Debug|x64.ActiveCfg = Debug|Any CPU
		{1B718963-0B46-42CC-95EC-7864F56304B5}.Debug|x64.Build.0 = Debug|Any CPU
		{1B718963-0B46-42CC-95EC-7864F56304B5}.Debug|x86.ActiveCfg = Debug|Any CPU
		{1B718963-0B46-42CC-95EC-7864F56304B5}.Debug|x86.Build.0 = Debug|Any CPU
		{1B718963-0B46-42CC-95EC-7864F56304B5}.mixed|Any CPU.ActiveCfg = Debug|Any CPU
		{1B718963-0B46-42CC-95EC-7864F56304B5}.mixed|Any CPU.Build.0 = Debug|Any CPU
		{1B718963-0B46-42CC-95EC-7864F56304B5}.mixed|ARM.ActiveCfg = Debug|Any CPU
		{1B718963-0B46-42CC-95EC-7864F56304B5}.mixed|ARM.Build.0 = Debug|Any CPU
		{1B718963-0B46-42CC-95EC-7864F56304B5}.mixed|Mixed Platforms.ActiveCfg = Debug|Any CPU
		{1B718963-0B46-42CC-95EC-7864F56304B5}.mixed|Mixed Platforms.Build.0 = Debug|Any CPU
		{1B718963-0B46-42CC-95EC-7864F56304B5}.mixed|Windows Phone.ActiveCfg = Debug|Any CPU
		{1B718963-0B46-42CC-95EC-7864F56304B5}.mixed|Windows Phone.Build.0 = Debug|Any CPU
		{1B718963-0B46-42CC-95EC-7864F56304B5}.mixed|x64.ActiveCfg = Debug|Any CPU
		{1B718963-0B46-42CC-95EC-7864F56304B5}.mixed|x64.Build.0 = Debug|Any CPU
		{1B718963-0B46-42CC-95EC-7864F56304B5}.mixed|x86.ActiveCfg = Debug|Any CPU
		{1B718963-0B46-42CC-95EC-7864F56304B5}.mixed|x86.Build.0 = Debug|Any CPU
		{1B718963-0B46-42CC-95EC-7864F56304B5}.Release|Any CPU.ActiveCfg = Release|Any CPU
		{1B718963-0B46-42CC-95EC-7864F56304B5}.Release|Any CPU.Build.0 = Release|Any CPU
		{1B718963-0B46-42CC-95EC-7864F56304B5}.Release|ARM.ActiveCfg = Release|Any CPU
		{1B718963-0B46-42CC-95EC-7864F56304B5}.Release|ARM.Build.0 = Release|Any CPU
		{1B718963-0B46-42CC-95EC-7864F56304B5}.Release|Mixed Platforms.ActiveCfg = Release|Any CPU
		{1B718963-0B46-42CC-95EC-7864F56304B5}.Release|Mixed Platforms.Build.0 = Release|Any CPU
		{1B718963-0B46-42CC-95EC-7864F56304B5}.Release|Windows Phone.ActiveCfg = Release|Any CPU
		{1B718963-0B46-42CC-95EC-7864F56304B5}.Release|Windows Phone.Build.0 = Release|Any CPU
		{1B718963-0B46-42CC-95EC-7864F56304B5}.Release|x64.ActiveCfg = Release|Any CPU
		{1B718963-0B46-42CC-95EC-7864F56304B5}.Release|x64.Build.0 = Release|Any CPU
		{1B718963-0B46-42CC-95EC-7864F56304B5}.Release|x86.ActiveCfg = Release|Any CPU
		{1B718963-0B46-42CC-95EC-7864F56304B5}.Release|x86.Build.0 = Release|Any CPU
		{5A6370C0-3605-4F2C-A695-DDB5A30722ED}.Debug|Any CPU.ActiveCfg = Debug|Any CPU
		{5A6370C0-3605-4F2C-A695-DDB5A30722ED}.Debug|Any CPU.Build.0 = Debug|Any CPU
		{5A6370C0-3605-4F2C-A695-DDB5A30722ED}.Debug|ARM.ActiveCfg = Debug|Any CPU
		{5A6370C0-3605-4F2C-A695-DDB5A30722ED}.Debug|ARM.Build.0 = Debug|Any CPU
		{5A6370C0-3605-4F2C-A695-DDB5A30722ED}.Debug|Mixed Platforms.ActiveCfg = Debug|Any CPU
		{5A6370C0-3605-4F2C-A695-DDB5A30722ED}.Debug|Mixed Platforms.Build.0 = Debug|Any CPU
		{5A6370C0-3605-4F2C-A695-DDB5A30722ED}.Debug|Windows Phone.ActiveCfg = Debug|Any CPU
		{5A6370C0-3605-4F2C-A695-DDB5A30722ED}.Debug|Windows Phone.Build.0 = Debug|Any CPU
		{5A6370C0-3605-4F2C-A695-DDB5A30722ED}.Debug|x64.ActiveCfg = Debug|Any CPU
		{5A6370C0-3605-4F2C-A695-DDB5A30722ED}.Debug|x64.Build.0 = Debug|Any CPU
		{5A6370C0-3605-4F2C-A695-DDB5A30722ED}.Debug|x86.ActiveCfg = Debug|Any CPU
		{5A6370C0-3605-4F2C-A695-DDB5A30722ED}.Debug|x86.Build.0 = Debug|Any CPU
		{5A6370C0-3605-4F2C-A695-DDB5A30722ED}.mixed|Any CPU.ActiveCfg = Debug|Any CPU
		{5A6370C0-3605-4F2C-A695-DDB5A30722ED}.mixed|Any CPU.Build.0 = Debug|Any CPU
		{5A6370C0-3605-4F2C-A695-DDB5A30722ED}.mixed|ARM.ActiveCfg = Debug|Any CPU
		{5A6370C0-3605-4F2C-A695-DDB5A30722ED}.mixed|ARM.Build.0 = Debug|Any CPU
		{5A6370C0-3605-4F2C-A695-DDB5A30722ED}.mixed|Mixed Platforms.ActiveCfg = Debug|Any CPU
		{5A6370C0-3605-4F2C-A695-DDB5A30722ED}.mixed|Mixed Platforms.Build.0 = Debug|Any CPU
		{5A6370C0-3605-4F2C-A695-DDB5A30722ED}.mixed|Windows Phone.ActiveCfg = Debug|Any CPU
		{5A6370C0-3605-4F2C-A695-DDB5A30722ED}.mixed|Windows Phone.Build.0 = Debug|Any CPU
		{5A6370C0-3605-4F2C-A695-DDB5A30722ED}.mixed|x64.ActiveCfg = Debug|Any CPU
		{5A6370C0-3605-4F2C-A695-DDB5A30722ED}.mixed|x64.Build.0 = Debug|Any CPU
		{5A6370C0-3605-4F2C-A695-DDB5A30722ED}.mixed|x86.ActiveCfg = Debug|Any CPU
		{5A6370C0-3605-4F2C-A695-DDB5A30722ED}.mixed|x86.Build.0 = Debug|Any CPU
		{5A6370C0-3605-4F2C-A695-DDB5A30722ED}.Release|Any CPU.ActiveCfg = Release|Any CPU
		{5A6370C0-3605-4F2C-A695-DDB5A30722ED}.Release|Any CPU.Build.0 = Release|Any CPU
		{5A6370C0-3605-4F2C-A695-DDB5A30722ED}.Release|ARM.ActiveCfg = Release|Any CPU
		{5A6370C0-3605-4F2C-A695-DDB5A30722ED}.Release|ARM.Build.0 = Release|Any CPU
		{5A6370C0-3605-4F2C-A695-DDB5A30722ED}.Release|Mixed Platforms.ActiveCfg = Release|Any CPU
		{5A6370C0-3605-4F2C-A695-DDB5A30722ED}.Release|Mixed Platforms.Build.0 = Release|Any CPU
		{5A6370C0-3605-4F2C-A695-DDB5A30722ED}.Release|Windows Phone.ActiveCfg = Release|Any CPU
		{5A6370C0-3605-4F2C-A695-DDB5A30722ED}.Release|Windows Phone.Build.0 = Release|Any CPU
		{5A6370C0-3605-4F2C-A695-DDB5A30722ED}.Release|x64.ActiveCfg = Release|Any CPU
		{5A6370C0-3605-4F2C-A695-DDB5A30722ED}.Release|x64.Build.0 = Release|Any CPU
		{5A6370C0-3605-4F2C-A695-DDB5A30722ED}.Release|x86.ActiveCfg = Release|Any CPU
		{5A6370C0-3605-4F2C-A695-DDB5A30722ED}.Release|x86.Build.0 = Release|Any CPU
	EndGlobalSection
	GlobalSection(SolutionProperties) = preSolution
		HideSolutionNode = FALSE
	EndGlobalSection
	GlobalSection(NestedProjects) = preSolution
		{5A6370C0-3605-4F2C-A695-DDB5A30722ED} = {AB929FD4-0184-440B-B837-DA45CD3055C4}
	EndGlobalSection
	GlobalSection(ExtensibilityGlobals) = postSolution
		SolutionGuid = {4E60BDDE-C76E-403A-B683-EF047669B8AD}
	EndGlobalSection
EndGlobal
